
Microsoft Visual Studio Solution File, Format Version 12.00
# Visual Studio Version 17
VisualStudioVersion = 17.14.36310.24 d17.14
MinimumVisualStudioVersion = 10.0.40219.1
Project("{FAE04EC0-301F-11D3-BF4B-00C04F79EFBC}") = "Assureo1.0", "Assureo1.0\Assureo1.0.csproj", "{7F6C3F86-7AD1-4A47-88C9-778EBD595629}"
EndProject
Global
	GlobalSection(SolutionConfigurationPlatforms) = preSolution
		Debug|Any CPU = Debug|Any CPU
		Release|Any CPU = Release|Any CPU
	EndGlobalSection
	GlobalSection(ProjectConfigurationPlatforms) = postSolution
		{7F6C3F86-7AD1-4A47-88C9-778EBD595629}.Debug|Any CPU.ActiveCfg = Debug|Any CPU
		{7F6C3F86-7AD1-4A47-88C9-778EBD595629}.Debug|Any CPU.Build.0 = Debug|Any CPU
		{7F6C3F86-7AD1-4A47-88C9-778EBD595629}.Release|Any CPU.ActiveCfg = Release|Any CPU
		{7F6C3F86-7AD1-4A47-88C9-778EBD595629}.Release|Any CPU.Build.0 = Release|Any CPU
	EndGlobalSection
	GlobalSection(SolutionProperties) = preSolution
		HideSolutionNode = FALSE
	EndGlobalSection
	GlobalSection(ExtensibilityGlobals) = postSolution
		SolutionGuid = {372A4BED-FF5D-45BA-AC03-72424F26B092}
	EndGlobalSection
EndGlobal
